
Microsoft Visual Studio Solution File, Format Version 12.00
# Visual Studio 15
VisualStudioVersion = 15.0.28307.271
MinimumVisualStudioVersion = 10.0.40219.1
Project("{9A19103F-16F7-4668-BE54-9A1E7A4F7556}") = "CQRS.Meetup.Web", "src\CQRS.Meetup.Web\CQRS.Meetup.Web.csproj", "{DC03FC4C-26F6-424C-A8CC-9F3F8BD87FB5}"
EndProject
Project("{FAE04EC0-301F-11D3-BF4B-00C04F79EFBC}") = "CQRS.Meetup.Write", "CQRS.Meetup.Write\CQRS.Meetup.Write.csproj", "{183CA789-F83C-434F-B93A-42066797AE7C}"
EndProject
Project("{FAE04EC0-301F-11D3-BF4B-00C04F79EFBC}") = "CQRS.Meetup.Infra", "CQRS.Meetup.Infra\CQRS.Meetup.Infra.csproj", "{0A5D22F7-7031-4E24-954F-CC1E6D8634DD}"
EndProject
Project("{FAE04EC0-301F-11D3-BF4B-00C04F79EFBC}") = "CQRS.Meetup.Read", "CQRS.Meetup.Read\CQRS.Meetup.Read.csproj", "{B9A63B48-6D0B-47F7-9FE5-C579D4D625F5}"
EndProject
Global
	GlobalSection(SolutionConfigurationPlatforms) = preSolution
		Debug|Any CPU = Debug|Any CPU
		Release|Any CPU = Release|Any CPU
	EndGlobalSection
	GlobalSection(ProjectConfigurationPlatforms) = postSolution
		{DC03FC4C-26F6-424C-A8CC-9F3F8BD87FB5}.Debug|Any CPU.ActiveCfg = Debug|Any CPU
		{DC03FC4C-26F6-424C-A8CC-9F3F8BD87FB5}.Debug|Any CPU.Build.0 = Debug|Any CPU
		{DC03FC4C-26F6-424C-A8CC-9F3F8BD87FB5}.Release|Any CPU.ActiveCfg = Release|Any CPU
		{DC03FC4C-26F6-424C-A8CC-9F3F8BD87FB5}.Release|Any CPU.Build.0 = Release|Any CPU
		{183CA789-F83C-434F-B93A-42066797AE7C}.Debug|Any CPU.ActiveCfg = Debug|Any CPU
		{183CA789-F83C-434F-B93A-42066797AE7C}.Debug|Any CPU.Build.0 = Debug|Any CPU
		{183CA789-F83C-434F-B93A-42066797AE7C}.Release|Any CPU.ActiveCfg = Release|Any CPU
		{183CA789-F83C-434F-B93A-42066797AE7C}.Release|Any CPU.Build.0 = Release|Any CPU
		{0A5D22F7-7031-4E24-954F-CC1E6D8634DD}.Debug|Any CPU.ActiveCfg = Debug|Any CPU
		{0A5D22F7-7031-4E24-954F-CC1E6D8634DD}.Debug|Any CPU.Build.0 = Debug|Any CPU
		{0A5D22F7-7031-4E24-954F-CC1E6D8634DD}.Release|Any CPU.ActiveCfg = Release|Any CPU
		{0A5D22F7-7031-4E24-954F-CC1E6D8634DD}.Release|Any CPU.Build.0 = Release|Any CPU
		{B9A63B48-6D0B-47F7-9FE5-C579D4D625F5}.Debug|Any CPU.ActiveCfg = Debug|Any CPU
		{B9A63B48-6D0B-47F7-9FE5-C579D4D625F5}.Debug|Any CPU.Build.0 = Debug|Any CPU
		{B9A63B48-6D0B-47F7-9FE5-C579D4D625F5}.Release|Any CPU.ActiveCfg = Release|Any CPU
		{B9A63B48-6D0B-47F7-9FE5-C579D4D625F5}.Release|Any CPU.Build.0 = Release|Any CPU
	EndGlobalSection
	GlobalSection(SolutionProperties) = preSolution
		HideSolutionNode = FALSE
	EndGlobalSection
	GlobalSection(ExtensibilityGlobals) = postSolution
		SolutionGuid = {129D8C8F-6478-4B8F-B034-9B5581D06DC6}
	EndGlobalSection
EndGlobal
